{
  "name": "ftov2",
  "lockfileVersion": 3,
  "requires": true,
  "packages": {
    "": {
      "dependencies": {
        "@tanstack/react-query": "^5.64.2",
        "@tanstack/react-query-devtools": "^5.64.2"
      }
    },
    "node_modules/@tanstack/query-core": {
      "version": "5.64.2",
      "resolved": "https://registry.npmjs.org/@tanstack/query-core/-/query-core-5.64.2.tgz",
      "integrity": "sha512-hdO8SZpWXoADNTWXV9We8CwTkXU88OVWRBcsiFrk7xJQnhm6WRlweDzMD+uH+GnuieTBVSML6xFa17C2cNV8+g==",
      "license": "MIT",
      "funding": {
        "type": "github",
        "url": "https://github.com/sponsors/tannerlinsley"
      }
    },
    "node_modules/@tanstack/query-devtools": {
      "version": "5.64.2",
      "resolved": "https://registry.npmjs.org/@tanstack/query-devtools/-/query-devtools-5.64.2.tgz",
      "integrity": "sha512-3DautR5UpVZdk/qNIhioZVF7g8fdQZ1U98sBEEk4Tzz3tihSBNMPgwlP40nzgbPEDBIrn/j/oyyvNBVSo083Vw==",
      "license": "MIT",
      "funding": {
        "type": "github",
        "url": "https://github.com/sponsors/tannerlinsley"
      }
    },
    "node_modules/@tanstack/react-query": {
      "version": "5.64.2",
      "resolved": "https://registry.npmjs.org/@tanstack/react-query/-/react-query-5.64.2.tgz",
      "integrity": "sha512-3pakNscZNm8KJkxmovvtZ4RaXLyiYYobwleTMvpIGUoKRa8j8VlrQKNl5W8VUEfVfZKkikvXVddLuWMbcSCA1Q==",
      "license": "MIT",
      "dependencies": {
        "@tanstack/query-core": "5.64.2"
      },
      "funding": {
        "type": "github",
        "url": "https://github.com/sponsors/tannerlinsley"
      },
      "peerDependencies": {
        "react": "^18 || ^19"
      }
    },
    "node_modules/@tanstack/react-query-devtools": {
      "version": "5.64.2",
      "resolved": "https://registry.npmjs.org/@tanstack/react-query-devtools/-/react-query-devtools-5.64.2.tgz",
      "integrity": "sha512-+ZjJVnPzc8BUV/Eklu2k9T/IAyAyvwoCHqOaOrk2sbU33LFhM52BpX4eyENXn0bx5LwV3DJZgEQlIzucoemfGQ==",
      "license": "MIT",
      "dependencies": {
        "@tanstack/query-devtools": "5.64.2"
      },
      "funding": {
        "type": "github",
        "url": "https://github.com/sponsors/tannerlinsley"
      },
      "peerDependencies": {
        "@tanstack/react-query": "^5.64.2",
        "react": "^18 || ^19"
      }
    },
    "node_modules/react": {
      "version": "19.0.0",
      "resolved": "https://registry.npmjs.org/react/-/react-19.0.0.tgz",
      "integrity": "sha512-V8AVnmPIICiWpGfm6GLzCR/W5FXLchHop40W4nXBmdlEceh16rCN8O8LNWm5bh5XUX91fh7KpA+W0TgMKmgTpQ==",
      "license": "MIT",
      "peer": true,
      "engines": {
        "node": ">=0.10.0"
      }
    }
  }
}
